# THIS IS AN AUTOGENERATED FILE. DO NOT EDIT THIS FILE DIRECTLY.
# yarn lockfile v1


get-line-from-pos@^1.0.0:
  version "1.0.0"
  resolved "https://registry.yarnpkg.com/get-line-from-pos/-/get-line-from-pos-1.0.0.tgz#e3ca483035eef374ad40fff4d43df3fa2da328b3"

taffydb@^2.7.3:
  version "2.7.3"
  resolved "https://registry.yarnpkg.com/taffydb/-/taffydb-2.7.3.tgz#2ad37169629498fca5bc84243096d3cde0ec3a34"
